Microsoft Visual Studio Solution File, Format Version 12.00
# Visual Studio 14
VisualStudioVersion = 14.0.25123.0
MinimumVisualStudioVersion = 10.0.40219.1
Project("{2150E333-8FDC-42A3-9474-1A3956D46DE8}") = ".paket", ".paket", "{0E195F69-D8D6-441C-9728-6358177EA032}"
	ProjectSection(SolutionItems) = preProject
		paket.dependencies = paket.dependencies
		paket.lock = paket.lock
	EndProjectSection
EndProject
Project("{F2A71F9B-5D33-465A-A702-920D77279786}") = "Castos.Api", "src\Castos.Api\Castos.Api.fsproj", "{FC71DAED-9ACF-4FEB-AE22-A5A231DB2315}"
EndProject
Global
	GlobalSection(SolutionConfigurationPlatforms) = preSolution
		Debug|Any CPU = Debug|Any CPU
		Release|Any CPU = Release|Any CPU
	EndGlobalSection
	GlobalSection(ProjectConfigurationPlatforms) = postSolution
		{FC71DAED-9ACF-4FEB-AE22-A5A231DB2315}.Debug|Any CPU.ActiveCfg = Debug|Any CPU
		{FC71DAED-9ACF-4FEB-AE22-A5A231DB2315}.Debug|Any CPU.Build.0 = Debug|Any CPU
		{FC71DAED-9ACF-4FEB-AE22-A5A231DB2315}.Release|Any CPU.ActiveCfg = Release|Any CPU
		{FC71DAED-9ACF-4FEB-AE22-A5A231DB2315}.Release|Any CPU.Build.0 = Release|Any CPU
	EndGlobalSection
	GlobalSection(SolutionProperties) = preSolution
		HideSolutionNode = FALSE
	EndGlobalSection
EndGlobal
